// !$*UTF8*$!
{
	archiveVersion = 1;
	classes = {
	};
	objectVersion = 46;
	objects = {

/* Begin PBXBuildFile section */
		33627FBE1CEE9FC300E27A94 /* AppDelegate.swift in Sources */ = {isa = PBXBuildFile; fileRef = 33627FBD1CEE9FC300E27A94 /* AppDelegate.swift */; };
		33627FC01CEE9FC300E27A94 /* ViewController.swift in Sources */ = {isa = PBXBuildFile; fileRef = 33627FBF1CEE9FC300E27A94 /* ViewController.swift */; };
		33627FC31CEE9FC300E27A94 /* Main.storyboard in Resources */ = {isa = PBXBuildFile; fileRef = 33627FC11CEE9FC300E27A94 /* Main.storyboard */; };
		33627FC51CEE9FC300E27A94 /* Assets.xcassets in Resources */ = {isa = PBXBuildFile; fileRef = 33627FC41CEE9FC300E27A94 /* Assets.xcassets */; };
		33627FC81CEE9FC300E27A94 /* LaunchScreen.storyboard in Resources */ = {isa = PBXBuildFile; fileRef = 33627FC61CEE9FC300E27A94 /* LaunchScreen.storyboard */; };
/* End PBXBuildFile section */

/* Begin PBXFileReference section */
		33627FBA1CEE9FC300E27A94 /* doogi.app */ = {isa = PBXFileReference; explicitFileType = wrapper.application; includeInIndex = 0; path = doogi.app; sourceTree = BUILT_PRODUCTS_DIR; };
		33627FBD1CEE9FC300E27A94 /* AppDelegate.swift */ = {isa = PBXFileReference; lastKnownFileType = sourcecode.swift; path = AppDelegate.swift; sourceTree = "<group>"; };
		33627FBF1CEE9FC300E27A94 /* ViewController.swift */ = {isa = PBXFileReference; lastKnownFileType = sourcecode.swift; path = ViewController.swift; sourceTree = "<group>"; };
		33627FC21CEE9FC300E27A94 /* Base */ = {isa = PBXFileReference; lastKnownFileType = file.storyboard; name = Base; path = Base.lproj/Main.storyboard; sourceTree = "<group>"; };
		33627FC41CEE9FC300E27A94 /* Assets.xcassets */ = {isa = PBXFileReference; lastKnownFileType = folder.assetcatalog; path = Assets.xcassets; sourceTree = "<group>"; };
		33627FC71CEE9FC300E27A94 /* Base */ = {isa = PBXFileReference; lastKnownFileType = file.storyboard; name = Base; path = Base.lproj/LaunchScreen.storyboard; sourceTree = "<group>"; };
		33627FC91CEE9FC300E27A94 /* Info.plist */ = {isa = PBXFileReference; lastKnownFileType = text.plist.xml; path = Info.plist; sourceTree = "<group>"; };
/* End PBXFileReference section */

/* Begin PBXFrameworksBuildPhase section */
		33627FB71CEE9FC300E27A94 /* Frameworks */ = {
			isa = PBXFrameworksBuildPhase;
			buildActionMask = 2147483647;
			files = (
			);
			runOnlyForDeploymentPostprocessing = 0;
		};
/* End PBXFrameworksBuildPhase section */

/* Begin PBXGroup section */
		33627FB11CEE9FC300E27A94 = {
			isa = PBXGroup;
			children = (
				33627FBC1CEE9FC300E27A94 /* doogi */,
				33627FBB1CEE9FC300E27A94 /* Products */,
			);
			sourceTree = "<group>";
		};
		33627FBB1CEE9FC300E27A94 /* Products */ = {
			isa = PBXGroup;
			children = (
				33627FBA1CEE9FC300E27A94 /* doogi.app */,
			);
			name = Products;
			sourceTree = "<group>";
		};
		33627FBC1CEE9FC300E27A94 /* doogi */ = {
			isa = PBXGroup;
			children = (
				33627FBD1CEE9FC300E27A94 /* AppDelegate.swift */,
				33627FBF1CEE9FC300E27A94 /* ViewController.swift */,
				33627FC11CEE9FC300E27A94 /* Main.storyboard */,
				33627FC41CEE9FC300E27A94 /* Assets.xcassets */,
				33627FC61CEE9FC300E27A94 /* LaunchScreen.storyboard */,
				33627FC91CEE9FC300E27A94 /* Info.plist */,
			);
			path = doogi;
			sourceTree = "<group>";
		};
/* End PBXGroup section */

/* Begin PBXNativeTarget section */
		33627FB91CEE9FC300E27A94 /* doogi */ = {
			isa = PBXNativeTarget;
			buildConfigurationList = 33627FCC1CEE9FC300E27A94 /* Build configuration list for PBXNativeTarget "doogi" */;
			buildPhases = (
				33627FB61CEE9FC300E27A94 /* Sources */,
				33627FB71CEE9FC300E27A94 /* Frameworks */,
				33627FB81CEE9FC300E27A94 /* Resources */,
			);
			buildRules = (
			);
			dependencies = (
			);
			name = doogi;
			productName = doogi;
			productReference = 33627FBA1CEE9FC300E27A94 /* doogi.app */;
			productType = "com.apple.product-type.application";
		};
/* End PBXNativeTarget section */

/* Begin PBXProject section */
		33627FB21CEE9FC300E27A94 /* Project object */ = {
			isa = PBXProject;
			attributes = {
				LastSwiftUpdateCheck = 0730;
				LastUpgradeCheck = 0730;
				ORGANIZATIONNAME = cistree;
				TargetAttributes = {
					33627FB91CEE9FC300E27A94 = {
						CreatedOnToolsVersion = 7.3;
					};
				};
			};
			buildConfigurationList = 33627FB51CEE9FC300E27A94 /* Build configuration list for PBXProject "doogi" */;
			compatibilityVersion = "Xcode 3.2";
			developmentRegion = English;
			hasScannedForEncodings = 0;
			knownRegions = (
				en,
				Base,
			);
			mainGroup = 33627FB11CEE9FC300E27A94;
			productRefGroup = 33627FBB1CEE9FC300E27A94 /* Products */;
			projectDirPath = "";
			projectRoot = "";
			targets = (
				33627FB91CEE9FC300E27A94 /* doogi */,
			);
		};
/* End PBXProject section */

/* Begin PBXResourcesBuildPhase section */
		33627FB81CEE9FC300E27A94 /* Resources */ = {
			isa = PBXResourcesBuildPhase;
			buildActionMask = 2147483647;
			files = (
				33627FC81CEE9FC300E27A94 /* LaunchScreen.storyboard in Resources */,
				33627FC51CEE9FC300E27A94 /* Assets.xcassets in Resources */,
				33627FC31CEE9FC300E27A94 /* Main.storyboard in Resources */,
			);
			runOnlyForDeploymentPostprocessing = 0;
		};
/* End PBXResourcesBuildPhase section */

/* Begin PBXSourcesBuildPhase section */
		33627FB61CEE9FC300E27A94 /* Sources */ = {
			isa = PBXSourcesBuildPhase;
			buildActionMask = 2147483647;
			files = (
				33627FC01CEE9FC300E27A94 /* ViewController.swift in Sources */,
				33627FBE1CEE9FC300E27A94 /* AppDelegate.swift in Sources */,
			);
			runOnlyForDeploymentPostprocessing = 0;
		};
/* End PBXSourcesBuildPhase section */

/* Begin PBXVariantGroup section */
		33627FC11CEE9FC300E27A94 /* Main.storyboard */ = {
			isa = PBXVariantGroup;
			children = (
				33627FC21CEE9FC300E27A94 /* Base */,
			);
			name = Main.storyboard;
			sourceTree = "<group>";
		};
		33627FC61CEE9FC300E27A94 /* LaunchScreen.storyboard */ = {
			isa = PBXVariantGroup;
			children = (
				33627FC71CEE9FC300E27A94 /* Base */,
			);
			name = LaunchScreen.storyboard;
			sourceTree = "<group>";
		};
/* End PBXVariantGroup section */

/* Begin XCBuildConfiguration section */
		33627FCA1CEE9FC300E27A94 /* Debug */ = {
			isa = XCBuildConfiguration;
			buildSettings = {
				ALWAYS_SEARCH_USER_PATHS = NO;
				CLANG_ANALYZER_NONNULL = YES;
				CLANG_CXX_LANGUAGE_STANDARD = "gnu++0x";
				CLANG_CXX_LIBRARY = "libc++";
				CLANG_ENABLE_MODULES = YES;
				CLANG_ENABLE_OBJC_ARC = YES;
				CLANG_WARN_BOOL_CONVERSION = YES;
				CLANG_WARN_CONSTANT_CONVERSION = YES;
				CLANG_WARN_DIRECT_OBJC_ISA_USAGE = YES_ERROR;
				CLANG_WARN_EMPTY_BODY = YES;
				CLANG_WARN_ENUM_CONVERSION = YES;
				CLANG_WARN_INT_CONVERSION = YES;
				CLANG_WARN_OBJC_ROOT_CLASS = YES_ERROR;
				CLANG_WARN_UNREACHABLE_CODE = YES;
				CLANG_WARN__DUPLICATE_METHOD_MATCH = YES;
				"CODE_SIGN_IDENTITY[sdk=iphoneos*]" = "iPhone Developer";
				COPY_PHASE_STRIP = NO;
				DEBUG_INFORMATION_FORMAT = dwarf;
				ENABLE_STRICT_OBJC_MSGSEND = YES;
				ENABLE_TESTABILITY = YES;
				GCC_C_LANGUAGE_STANDARD = gnu99;
				GCC_DYNAMIC_NO_PIC = NO;
				GCC_NO_COMMON_BLOCKS = YES;
				GCC_OPTIMIZATION_LEVEL = 0;
				GCC_PREPROCESSOR_DEFINITIONS = (
					"DEBUG=1",
					"$(inherited)",
				);
				GCC_WARN_64_TO_32_BIT_CONVERSION = YES;
				GCC_WARN_ABOUT_RETURN_TYPE = YES_ERROR;
				GCC_WARN_UNDECLARED_SELECTOR = YES;
				GCC_WARN_UNINITIALIZED_AUTOS = YES_AGGRESSIVE;
				GCC_WARN_UNUSED_FUNCTION = YES;
				GCC_WARN_UNUSED_VARIABLE = YES;
				IPHONEOS_DEPLOYMENT_TARGET = 9.3;
				MTL_ENABLE_DEBUG_INFO = YES;
				ONLY_ACTIVE_ARCH = YES;
				SDKROOT = iphoneos;
				SWIFT_OPTIMIZATION_LEVEL = "-Onone";
				TARGETED_DEVICE_FAMILY = "1,2";
			};
			name = Debug;
		};
		33627FCB1CEE9FC300E27A94 /* Release */ = {
			isa = XCBuildConfiguration;
			buildSettings = {
				ALWAYS_SEARCH_USER_PATHS = NO;
				CLANG_ANALYZER_NONNULL = YES;
				CLANG_CXX_LANGUAGE_STANDARD = "gnu++0x";
				CLANG_CXX_LIBRARY = "libc++";
				CLANG_ENABLE_MODULES = YES;
				CLANG_ENABLE_OBJC_ARC = YES;
				CLANG_WARN_BOOL_CONVERSION = YES;
				CLANG_WARN_CONSTANT_CONVERSION = YES;
				CLANG_WARN_DIRECT_OBJC_ISA_USAGE = YES_ERROR;
				CLANG_WARN_EMPTY_BODY = YES;
				CLANG_WARN_ENUM_CONVERSION = YES;
				CLANG_WARN_INT_CONVERSION = YES;
				CLANG_WARN_OBJC_ROOT_CLASS = YES_ERROR;
				CLANG_WARN_UNREACHABLE_CODE = YES;
				CLANG_WARN__DUPLICATE_METHOD_MATCH = YES;
				"CODE_SIGN_IDENTITY[sdk=iphoneos*]" = "iPhone Developer";
				COPY_PHASE_STRIP = NO;
				DEBUG_INFORMATION_FORMAT = "dwarf-with-dsym";
				ENABLE_NS_ASSERTIONS = NO;
				ENABLE_STRICT_OBJC_MSGSEND = YES;
				GCC_C_LANGUAGE_STANDARD = gnu99;
				GCC_NO_COMMON_BLOCKS = YES;
				GCC_WARN_64_TO_32_BIT_CONVERSION = YES;
				GCC_WARN_ABOUT_RETURN_TYPE = YES_ERROR;
				GCC_WARN_UNDECLARED_SELECTOR = YES;
				GCC_WARN_UNINITIALIZED_AUTOS = YES_AGGRESSIVE;
				GCC_WARN_UNUSED_FUNCTION = YES;
				GCC_WARN_UNUSED_VARIABLE = YES;
				IPHONEOS_DEPLOYMENT_TARGET = 9.3;
				MTL_ENABLE_DEBUG_INFO = NO;
				SDKROOT = iphoneos;
				TARGETED_DEVICE_FAMILY = "1,2";
				VALIDATE_PRODUCT = YES;
			};
			name = Release;
		};
		33627FCD1CEE9FC300E27A94 /* Debug */ = {
			isa = XCBuildConfiguration;
			buildSettings = {
				ASSETCATALOG_COMPILER_APPICON_NAME = AppIcon;
				INFOPLIST_FILE = doogi/Info.plist;
				LD_RUNPATH_SEARCH_PATHS = "$(inherited) @executable_path/Frameworks";
				PRODUCT_BUNDLE_IDENTIFIER = com.cistree.doogi;
				PRODUCT_NAME = "$(TARGET_NAME)";
			};
			name = Debug;
		};
		33627FCE1CEE9FC300E27A94 /* Release */ = {
			isa = XCBuildConfiguration;
			buildSettings = {
				ASSETCATALOG_COMPILER_APPICON_NAME = AppIcon;
				INFOPLIST_FILE = doogi/Info.plist;
				LD_RUNPATH_SEARCH_PATHS = "$(inherited) @executable_path/Frameworks";
				PRODUCT_BUNDLE_IDENTIFIER = com.cistree.doogi;
				PRODUCT_NAME = "$(TARGET_NAME)";
			};
			name = Release;
		};
/* End XCBuildConfiguration section */

/* Begin XCConfigurationList section */
		33627FB51CEE9FC300E27A94 /* Build configuration list for PBXProject "doogi" */ = {
			isa = XCConfigurationList;
			buildConfigurations = (
				33627FCA1CEE9FC300E27A94 /* Debug */,
				33627FCB1CEE9FC300E27A94 /* Release */,
			);
			defaultConfigurationIsVisible = 0;
			defaultConfigurationName = Release;
		};
		33627FCC1CEE9FC300E27A94 /* Build configuration list for PBXNativeTarget "doogi" */ = {
			isa = XCConfigurationList;
			buildConfigurations = (
				33627FCD1CEE9FC300E27A94 /* Debug */,
				33627FCE1CEE9FC300E27A94 /* Release */,
			);
			defaultConfigurationIsVisible = 0;
		};
/* End XCConfigurationList section */
	};
	rootObject = 33627FB21CEE9FC300E27A94 /* Project object */;
}
